
Microsoft Visual Studio Solution File, Format Version 12.00
# Visual Studio Version 16
VisualStudioVersion = 16.0.30413.136
MinimumVisualStudioVersion = 10.0.40219.1
Project("{FAE04EC0-301F-11D3-BF4B-00C04F79EFBC}") = "InvoiceTotal", "InvoiceTotal\InvoiceTotal.csproj", "{62C30D03-5263-4AE7-9957-ACE86FBAC941}"
EndProject
Global
	GlobalSection(SolutionConfigurationPlatforms) = preSolution
		Debug|Any CPU = Debug|Any CPU
		Release|Any CPU = Release|Any CPU
	EndGlobalSection
	GlobalSection(ProjectConfigurationPlatforms) = postSolution
		{62C30D03-5263-4AE7-9957-ACE86FBAC941}.Debug|Any CPU.ActiveCfg = Debug|Any CPU
		{62C30D03-5263-4AE7-9957-ACE86FBAC941}.Debug|Any CPU.Build.0 = Debug|Any CPU
		{62C30D03-5263-4AE7-9957-ACE86FBAC941}.Release|Any CPU.ActiveCfg = Release|Any CPU
		{62C30D03-5263-4AE7-9957-ACE86FBAC941}.Release|Any CPU.Build.0 = Release|Any CPU
	EndGlobalSection
	GlobalSection(SolutionProperties) = preSolution
		HideSolutionNode = FALSE
	EndGlobalSection
	GlobalSection(ExtensibilityGlobals) = postSolution
		SolutionGuid = {DED592E4-DDBE-4F6C-84F5-D690C8785991}
	EndGlobalSection
EndGlobal
